{
  "name": "@pager/winston-sentry",
  "version": "0.1.0",
  "lockfileVersion": 1,
  "requires": true,
  "dependencies": {
    "@sentry/core": {
      "version": "4.2.4",
      "resolved": "https://registry.npmjs.org/@sentry/core/-/core-4.2.4.tgz",
      "integrity": "sha512-Oqn6dQduKBIJ8DNTyA6Hp5Nj3sOH/P0buT02wIv9InIHmxBVJ0zj/b4zRmOOuz77ikglOf5WL3cavdWF/2l2PA==",
      "requires": {
        "@sentry/hub": "4.2.4",
        "@sentry/minimal": "4.2.4",
        "@sentry/types": "4.2.4",
        "@sentry/utils": "4.2.4"
      }
    },
    "@sentry/hub": {
      "version": "4.2.4",
      "resolved": "https://registry.npmjs.org/@sentry/hub/-/hub-4.2.4.tgz",
      "integrity": "sha512-9X77HAGk/XT7k5OD4F+SUO3PIeLV1uMuzvGgw9cxxl/gSv70MO35bP6mJIVrA0U4NGtvmtYTTWsWB9moRCiE1g==",
      "requires": {
        "@sentry/types": "4.2.4",
        "@sentry/utils": "4.2.4"
      }
    },
    "@sentry/minimal": {
      "version": "4.2.4",
      "resolved": "https://registry.npmjs.org/@sentry/minimal/-/minimal-4.2.4.tgz",
      "integrity": "sha512-IKzva0leEoP1ZOBh6NgIwqsvO2DM+GAKtCuNi0dfKYp1Qt6PLXHZQXaPim6kC0h/bKHe3+m/d4NXrpJdDrD7BQ==",
      "requires": {
        "@sentry/hub": "4.2.4",
        "@sentry/types": "4.2.4"
      }
    },
    "@sentry/node": {
      "version": "4.2.4",
      "resolved": "https://registry.npmjs.org/@sentry/node/-/node-4.2.4.tgz",
      "integrity": "sha512-82wPAOGqBhw1KvCkeeZXvCsWurOaZfEm3d7hfHXj5nnVbUr0Xb2HcRTNzBYPtMYXFZ9N0UNIn5nfGk7zmvpUuA==",
      "requires": {
        "@sentry/core": "4.2.4",
        "@sentry/hub": "4.2.4",
        "@sentry/types": "4.2.4",
        "@sentry/utils": "4.2.4",
        "cookie": "0.3.1",
        "lsmod": "1.0.0",
        "md5": "2.2.1",
        "stack-trace": "0.0.10"
      }
    },
    "@sentry/types": {
      "version": "4.2.4",
      "resolved": "https://registry.npmjs.org/@sentry/types/-/types-4.2.4.tgz",
      "integrity": "sha512-oMtNVx1R4gMl2cECn8bNthSgEHBknES3yVZftyPbecOp3TwPb6MSbWdIWjxgVai1jXi9a/ZCuE/Zoypy33CBrA=="
    },
    "@sentry/utils": {
      "version": "4.2.4",
      "resolved": "https://registry.npmjs.org/@sentry/utils/-/utils-4.2.4.tgz",
      "integrity": "sha512-S8wZM6X642AhaUejhbYu1neU8IxtFhgc7JeVM5BmNivzXOW/hrTIDpDiDvYZLq1KhdSpH8+Z8WnntmGWhW4PFg==",
      "requires": {
        "@sentry/types": "4.2.4"
      }
    },
    "charenc": {
      "version": "0.0.2",
      "resolved": "https://registry.npmjs.org/charenc/-/charenc-0.0.2.tgz",
      "integrity": "sha1-wKHS86cJLgN3S/qD8UwPxXkKhmc="
    },
    "cookie": {
      "version": "0.3.1",
      "resolved": "https://registry.npmjs.org/cookie/-/cookie-0.3.1.tgz",
      "integrity": "sha1-5+Ch+e9DtMi6klxcWpboBtFoc7s="
    },
    "core-util-is": {
      "version": "1.0.2",
      "resolved": "https://registry.npmjs.org/core-util-is/-/core-util-is-1.0.2.tgz",
      "integrity": "sha1-tf1UIgqivFq1eqtxQMlAdUUDwac="
    },
    "crypt": {
      "version": "0.0.2",
      "resolved": "https://registry.npmjs.org/crypt/-/crypt-0.0.2.tgz",
      "integrity": "sha1-iNf/fsDfuG9xPch7u0LQRNPmxBs="
    },
    "inherits": {
      "version": "2.0.3",
      "resolved": "https://registry.npmjs.org/inherits/-/inherits-2.0.3.tgz",
      "integrity": "sha1-Yzwsg+PaQqUC9SRmAiSA9CCCYd4="
    },
    "is-buffer": {
      "version": "1.1.6",
      "resolved": "https://registry.npmjs.org/is-buffer/-/is-buffer-1.1.6.tgz",
      "integrity": "sha512-NcdALwpXkTm5Zvvbk7owOUSvVvBKDgKP5/ewfXEznmQFfs4ZRmanOeKBTjRVjka3QFoN6XJ+9F3USqfHqTaU5w=="
    },
    "isarray": {
      "version": "1.0.0",
      "resolved": "https://registry.npmjs.org/isarray/-/isarray-1.0.0.tgz",
      "integrity": "sha1-u5NdSFgsuhaMBoNJV6VKPgcSTxE="
    },
    "lsmod": {
      "version": "1.0.0",
      "resolved": "https://registry.npmjs.org/lsmod/-/lsmod-1.0.0.tgz",
      "integrity": "sha1-mgD3bco26yP6BTUK/htYXUKZ5ks="
    },
    "md5": {
      "version": "2.2.1",
      "resolved": "https://registry.npmjs.org/md5/-/md5-2.2.1.tgz",
      "integrity": "sha1-U6s41f48iJG6RlMp6iP6wFQBJvk=",
      "requires": {
        "charenc": "~0.0.1",
        "crypt": "~0.0.1",
        "is-buffer": "~1.1.1"
      }
    },
    "process-nextick-args": {
      "version": "2.0.0",
      "resolved": "https://registry.npmjs.org/process-nextick-args/-/process-nextick-args-2.0.0.tgz",
      "integrity": "sha512-MtEC1TqN0EU5nephaJ4rAtThHtC86dNN9qCuEhtshvpVBkAW5ZO7BASN9REnF9eoXGcRub+pFuKEpOHE+HbEMw=="
    },
    "readable-stream": {
      "version": "2.3.6",
      "resolved": "http://registry.npmjs.org/readable-stream/-/readable-stream-2.3.6.tgz",
      "integrity": "sha512-tQtKA9WIAhBF3+VLAseyMqZeBjW0AHJoxOtYqSUZNJxauErmLbVm2FW1y+J/YA9dUrAC39ITejlZWhVIwawkKw==",
      "requires": {
        "core-util-is": "~1.0.0",
        "inherits": "~2.0.3",
        "isarray": "~1.0.0",
        "process-nextick-args": "~2.0.0",
        "safe-buffer": "~5.1.1",
        "string_decoder": "~1.1.1",
        "util-deprecate": "~1.0.1"
      }
    },
    "safe-buffer": {
      "version": "5.1.2",
      "resolved": "https://registry.npmjs.org/safe-buffer/-/safe-buffer-5.1.2.tgz",
      "integrity": "sha512-Gd2UZBJDkXlY7GbJxfsE8/nvKkUEU1G38c1siN6QP6a9PT9MmHB8GnpscSmMJSoF8LOIrt8ud/wPtojys4G6+g=="
    },
    "stack-trace": {
      "version": "0.0.10",
      "resolved": "https://registry.npmjs.org/stack-trace/-/stack-trace-0.0.10.tgz",
      "integrity": "sha1-VHxws0fo0ytOEI6hoqFZ5f3eGcA="
    },
    "string_decoder": {
      "version": "1.1.1",
      "resolved": "https://registry.npmjs.org/string_decoder/-/string_decoder-1.1.1.tgz",
      "integrity": "sha512-n/ShnvDi6FHbbVfviro+WojiFzv+s8MPMHBczVePfUpDJLwoLT0ht1l4YwBCbi8pJAveEEdnkHyPyTP/mzRfwg==",
      "requires": {
        "safe-buffer": "~5.1.0"
      }
    },
    "triple-beam": {
      "version": "1.3.0",
      "resolved": "https://registry.npmjs.org/triple-beam/-/triple-beam-1.3.0.tgz",
      "integrity": "sha512-XrHUvV5HpdLmIj4uVMxHggLbFSZYIn7HEWsqePZcI50pco+MPqJ50wMGY794X7AOOhxOBAjbkqfAbEe/QMp2Lw=="
    },
    "util-deprecate": {
      "version": "1.0.2",
      "resolved": "https://registry.npmjs.org/util-deprecate/-/util-deprecate-1.0.2.tgz",
      "integrity": "sha1-RQ1Nyfpw3nMnYvvS1KKJgUGaDM8="
    },
    "winston-transport": {
      "version": "4.2.0",
      "resolved": "https://registry.npmjs.org/winston-transport/-/winston-transport-4.2.0.tgz",
      "integrity": "sha512-0R1bvFqxSlK/ZKTH86nymOuKv/cT1PQBMuDdA7k7f0S9fM44dNH6bXnuxwXPrN8lefJgtZq08BKdyZ0DZIy/rg==",
      "requires": {
        "readable-stream": "^2.3.6",
        "triple-beam": "^1.2.0"
      }
    }
  }
}
